// !$*UTF8*$!
{
	archiveVersion = 1;
	classes = {
	};
	objectVersion = 46;
	objects = {

/* Begin PBXBuildFile section */
		1A96C5A81F9D7E2800F40A54 /* main.m in Sources */ = {isa = PBXBuildFile; fileRef = 1A96C5A71F9D7E2800F40A54 /* main.m */; };
		1A96C5AB1F9D7E2800F40A54 /* AppDelegate.m in Sources */ = {isa = PBXBuildFile; fileRef = 1A96C5AA1F9D7E2800F40A54 /* AppDelegate.m */; };
		1A96C5AE1F9D7E2800F40A54 /* ViewController.m in Sources */ = {isa = PBXBuildFile; fileRef = 1A96C5AD1F9D7E2800F40A54 /* ViewController.m */; };
		1A96C5B11F9D7E2800F40A54 /* Main.storyboard in Resources */ = {isa = PBXBuildFile; fileRef = 1A96C5AF1F9D7E2800F40A54 /* Main.storyboard */; };
		1A96C5B31F9D7E2800F40A54 /* Assets.xcassets in Resources */ = {isa = PBXBuildFile; fileRef = 1A96C5B21F9D7E2800F40A54 /* Assets.xcassets */; };
		1A96C5B61F9D7E2800F40A54 /* LaunchScreen.storyboard in Resources */ = {isa = PBXBuildFile; fileRef = 1A96C5B41F9D7E2800F40A54 /* LaunchScreen.storyboard */; };
		1A96C5BE1F9D7FFC00F40A54 /* DemoListName.plist in Resources */ = {isa = PBXBuildFile; fileRef = 1A96C5BD1F9D7FFC00F40A54 /* DemoListName.plist */; };
		1A96C5C61F9D809000F40A54 /* DateTimePickerView.m in Sources */ = {isa = PBXBuildFile; fileRef = 1A96C5C31F9D809000F40A54 /* DateTimePickerView.m */; };
		1A96C5C71F9D809000F40A54 /* DateTimePickerView.xib in Resources */ = {isa = PBXBuildFile; fileRef = 1A96C5C41F9D809000F40A54 /* DateTimePickerView.xib */; };
		1A96C5CA1F9D811500F40A54 /* DateTimePickerVC.m in Sources */ = {isa = PBXBuildFile; fileRef = 1A96C5C91F9D811500F40A54 /* DateTimePickerVC.m */; };
		1A96C5E31F9DC97800F40A54 /* GestureVC.m in Sources */ = {isa = PBXBuildFile; fileRef = 1A96C5D51F9DC97800F40A54 /* GestureVC.m */; };
		1A96C5E41F9DC97800F40A54 /* LongPressVC.m in Sources */ = {isa = PBXBuildFile; fileRef = 1A96C5D71F9DC97800F40A54 /* LongPressVC.m */; };
		1A96C5E51F9DC97800F40A54 /* PanVC.m in Sources */ = {isa = PBXBuildFile; fileRef = 1A96C5D91F9DC97800F40A54 /* PanVC.m */; };
		1A96C5E61F9DC97800F40A54 /* PinchVC.m in Sources */ = {isa = PBXBuildFile; fileRef = 1A96C5DB1F9DC97800F40A54 /* PinchVC.m */; };
		1A96C5E71F9DC97800F40A54 /* r8.jpg in Resources */ = {isa = PBXBuildFile; fileRef = 1A96C5DC1F9DC97800F40A54 /* r8.jpg */; };
		1A96C5E81F9DC97800F40A54 /* RotationVC.m in Sources */ = {isa = PBXBuildFile; fileRef = 1A96C5DE1F9DC97800F40A54 /* RotationVC.m */; };
		1A96C5E91F9DC97800F40A54 /* SwipeVC.m in Sources */ = {isa = PBXBuildFile; fileRef = 1A96C5E01F9DC97800F40A54 /* SwipeVC.m */; };
		1A96C5EA1F9DC97800F40A54 /* TapVC.m in Sources */ = {isa = PBXBuildFile; fileRef = 1A96C5E21F9DC97800F40A54 /* TapVC.m */; };
/* End PBXBuildFile section */

/* Begin PBXFileReference section */
		1A96C5A31F9D7E2800F40A54 /* ToolsDemoList.app */ = {isa = PBXFileReference; explicitFileType = wrapper.application; includeInIndex = 0; path = ToolsDemoList.app; sourceTree = BUILT_PRODUCTS_DIR; };
		1A96C5A71F9D7E2800F40A54 /* main.m */ = {isa = PBXFileReference; lastKnownFileType = sourcecode.c.objc; path = main.m; sourceTree = "<group>"; };
		1A96C5A91F9D7E2800F40A54 /* AppDelegate.h */ = {isa = PBXFileReference; lastKnownFileType = sourcecode.c.h; path = AppDelegate.h; sourceTree = "<group>"; };
		1A96C5AA1F9D7E2800F40A54 /* AppDelegate.m */ = {isa = PBXFileReference; lastKnownFileType = sourcecode.c.objc; path = AppDelegate.m; sourceTree = "<group>"; };
		1A96C5AC1F9D7E2800F40A54 /* ViewController.h */ = {isa = PBXFileReference; lastKnownFileType = sourcecode.c.h; path = ViewController.h; sourceTree = "<group>"; };
		1A96C5AD1F9D7E2800F40A54 /* ViewController.m */ = {isa = PBXFileReference; lastKnownFileType = sourcecode.c.objc; path = ViewController.m; sourceTree = "<group>"; };
		1A96C5B01F9D7E2800F40A54 /* Base */ = {isa = PBXFileReference; lastKnownFileType = file.storyboard; name = Base; path = Base.lproj/Main.storyboard; sourceTree = "<group>"; };
		1A96C5B21F9D7E2800F40A54 /* Assets.xcassets */ = {isa = PBXFileReference; lastKnownFileType = folder.assetcatalog; path = Assets.xcassets; sourceTree = "<group>"; };
		1A96C5B51F9D7E2800F40A54 /* Base */ = {isa = PBXFileReference; lastKnownFileType = file.storyboard; name = Base; path = Base.lproj/LaunchScreen.storyboard; sourceTree = "<group>"; };
		1A96C5B71F9D7E2800F40A54 /* Info.plist */ = {isa = PBXFileReference; lastKnownFileType = text.plist.xml; path = Info.plist; sourceTree = "<group>"; };
		1A96C5BD1F9D7FFC00F40A54 /* DemoListName.plist */ = {isa = PBXFileReference; fileEncoding = 4; lastKnownFileType = text.plist.xml; path = DemoListName.plist; sourceTree = "<group>"; };
		1A96C5C21F9D809000F40A54 /* DateTimePickerView.h */ = {isa = PBXFileReference; fileEncoding = 4; lastKnownFileType = sourcecode.c.h; path = DateTimePickerView.h; sourceTree = "<group>"; };
		1A96C5C31F9D809000F40A54 /* DateTimePickerView.m */ = {isa = PBXFileReference; fileEncoding = 4; lastKnownFileType = sourcecode.c.objc; path = DateTimePickerView.m; sourceTree = "<group>"; };
		1A96C5C41F9D809000F40A54 /* DateTimePickerView.xib */ = {isa = PBXFileReference; fileEncoding = 4; lastKnownFileType = file.xib; path = DateTimePickerView.xib; sourceTree = "<group>"; };
		1A96C5C81F9D811500F40A54 /* DateTimePickerVC.h */ = {isa = PBXFileReference; fileEncoding = 4; lastKnownFileType = sourcecode.c.h; path = DateTimePickerVC.h; sourceTree = "<group>"; };
		1A96C5C91F9D811500F40A54 /* DateTimePickerVC.m */ = {isa = PBXFileReference; fileEncoding = 4; lastKnownFileType = sourcecode.c.objc; path = DateTimePickerVC.m; sourceTree = "<group>"; };
		1A96C5D41F9DC97800F40A54 /* GestureVC.h */ = {isa = PBXFileReference; fileEncoding = 4; lastKnownFileType = sourcecode.c.h; path = GestureVC.h; sourceTree = "<group>"; };
		1A96C5D51F9DC97800F40A54 /* GestureVC.m */ = {isa = PBXFileReference; fileEncoding = 4; lastKnownFileType = sourcecode.c.objc; path = GestureVC.m; sourceTree = "<group>"; };
		1A96C5D61F9DC97800F40A54 /* LongPressVC.h */ = {isa = PBXFileReference; fileEncoding = 4; lastKnownFileType = sourcecode.c.h; path = LongPressVC.h; sourceTree = "<group>"; };
		1A96C5D71F9DC97800F40A54 /* LongPressVC.m */ = {isa = PBXFileReference; fileEncoding = 4; lastKnownFileType = sourcecode.c.objc; path = LongPressVC.m; sourceTree = "<group>"; };
		1A96C5D81F9DC97800F40A54 /* PanVC.h */ = {isa = PBXFileReference; fileEncoding = 4; lastKnownFileType = sourcecode.c.h; path = PanVC.h; sourceTree = "<group>"; };
		1A96C5D91F9DC97800F40A54 /* PanVC.m */ = {isa = PBXFileReference; fileEncoding = 4; lastKnownFileType = sourcecode.c.objc; path = PanVC.m; sourceTree = "<group>"; };
		1A96C5DA1F9DC97800F40A54 /* PinchVC.h */ = {isa = PBXFileReference; fileEncoding = 4; lastKnownFileType = sourcecode.c.h; path = PinchVC.h; sourceTree = "<group>"; };
		1A96C5DB1F9DC97800F40A54 /* PinchVC.m */ = {isa = PBXFileReference; fileEncoding = 4; lastKnownFileType = sourcecode.c.objc; path = PinchVC.m; sourceTree = "<group>"; };
		1A96C5DC1F9DC97800F40A54 /* r8.jpg */ = {isa = PBXFileReference; lastKnownFileType = image.jpeg; path = r8.jpg; sourceTree = "<group>"; };
		1A96C5DD1F9DC97800F40A54 /* RotationVC.h */ = {isa = PBXFileReference; fileEncoding = 4; lastKnownFileType = sourcecode.c.h; path = RotationVC.h; sourceTree = "<group>"; };
		1A96C5DE1F9DC97800F40A54 /* RotationVC.m */ = {isa = PBXFileReference; fileEncoding = 4; lastKnownFileType = sourcecode.c.objc; path = RotationVC.m; sourceTree = "<group>"; };
		1A96C5DF1F9DC97800F40A54 /* SwipeVC.h */ = {isa = PBXFileReference; fileEncoding = 4; lastKnownFileType = sourcecode.c.h; path = SwipeVC.h; sourceTree = "<group>"; };
		1A96C5E01F9DC97800F40A54 /* SwipeVC.m */ = {isa = PBXFileReference; fileEncoding = 4; lastKnownFileType = sourcecode.c.objc; path = SwipeVC.m; sourceTree = "<group>"; };
		1A96C5E11F9DC97800F40A54 /* TapVC.h */ = {isa = PBXFileReference; fileEncoding = 4; lastKnownFileType = sourcecode.c.h; path = TapVC.h; sourceTree = "<group>"; };
		1A96C5E21F9DC97800F40A54 /* TapVC.m */ = {isa = PBXFileReference; fileEncoding = 4; lastKnownFileType = sourcecode.c.objc; path = TapVC.m; sourceTree = "<group>"; };
/* End PBXFileReference section */

/* Begin PBXFrameworksBuildPhase section */
		1A96C5A01F9D7E2800F40A54 /* Frameworks */ = {
			isa = PBXFrameworksBuildPhase;
			buildActionMask = 2147483647;
			files = (
			);
			runOnlyForDeploymentPostprocessing = 0;
		};
/* End PBXFrameworksBuildPhase section */

/* Begin PBXGroup section */
		1A96C59A1F9D7E2800F40A54 = {
			isa = PBXGroup;
			children = (
				1A96C5A51F9D7E2800F40A54 /* ToolsDemoList */,
				1A96C5A41F9D7E2800F40A54 /* Products */,
			);
			sourceTree = "<group>";
		};
		1A96C5A41F9D7E2800F40A54 /* Products */ = {
			isa = PBXGroup;
			children = (
				1A96C5A31F9D7E2800F40A54 /* ToolsDemoList.app */,
			);
			name = Products;
			sourceTree = "<group>";
		};
		1A96C5A51F9D7E2800F40A54 /* ToolsDemoList */ = {
			isa = PBXGroup;
			children = (
				1A96C5D31F9DC97800F40A54 /* 手势操作 */,
				1A96C5BF1F9D809000F40A54 /* 时间选择器 */,
				1A96C5A91F9D7E2800F40A54 /* AppDelegate.h */,
				1A96C5AA1F9D7E2800F40A54 /* AppDelegate.m */,
				1A96C5AC1F9D7E2800F40A54 /* ViewController.h */,
				1A96C5AD1F9D7E2800F40A54 /* ViewController.m */,
				1A96C5BD1F9D7FFC00F40A54 /* DemoListName.plist */,
				1A96C5AF1F9D7E2800F40A54 /* Main.storyboard */,
				1A96C5B21F9D7E2800F40A54 /* Assets.xcassets */,
				1A96C5B41F9D7E2800F40A54 /* LaunchScreen.storyboard */,
				1A96C5B71F9D7E2800F40A54 /* Info.plist */,
				1A96C5A61F9D7E2800F40A54 /* Supporting Files */,
			);
			path = ToolsDemoList;
			sourceTree = "<group>";
		};
		1A96C5A61F9D7E2800F40A54 /* Supporting Files */ = {
			isa = PBXGroup;
			children = (
				1A96C5A71F9D7E2800F40A54 /* main.m */,
			);
			name = "Supporting Files";
			sourceTree = "<group>";
		};
		1A96C5BF1F9D809000F40A54 /* 时间选择器 */ = {
			isa = PBXGroup;
			children = (
				1A96C5C81F9D811500F40A54 /* DateTimePickerVC.h */,
				1A96C5C91F9D811500F40A54 /* DateTimePickerVC.m */,
				1A96C5C21F9D809000F40A54 /* DateTimePickerView.h */,
				1A96C5C31F9D809000F40A54 /* DateTimePickerView.m */,
				1A96C5C41F9D809000F40A54 /* DateTimePickerView.xib */,
			);
			path = "时间选择器";
			sourceTree = "<group>";
		};
		1A96C5D31F9DC97800F40A54 /* 手势操作 */ = {
			isa = PBXGroup;
			children = (
				1A96C5D41F9DC97800F40A54 /* GestureVC.h */,
				1A96C5D51F9DC97800F40A54 /* GestureVC.m */,
				1A96C5D61F9DC97800F40A54 /* LongPressVC.h */,
				1A96C5D71F9DC97800F40A54 /* LongPressVC.m */,
				1A96C5D81F9DC97800F40A54 /* PanVC.h */,
				1A96C5D91F9DC97800F40A54 /* PanVC.m */,
				1A96C5DA1F9DC97800F40A54 /* PinchVC.h */,
				1A96C5DB1F9DC97800F40A54 /* PinchVC.m */,
				1A96C5DC1F9DC97800F40A54 /* r8.jpg */,
				1A96C5DD1F9DC97800F40A54 /* RotationVC.h */,
				1A96C5DE1F9DC97800F40A54 /* RotationVC.m */,
				1A96C5DF1F9DC97800F40A54 /* SwipeVC.h */,
				1A96C5E01F9DC97800F40A54 /* SwipeVC.m */,
				1A96C5E11F9DC97800F40A54 /* TapVC.h */,
				1A96C5E21F9DC97800F40A54 /* TapVC.m */,
			);
			path = "手势操作";
			sourceTree = "<group>";
		};
/* End PBXGroup section */

/* Begin PBXNativeTarget section */
		1A96C5A21F9D7E2800F40A54 /* ToolsDemoList */ = {
			isa = PBXNativeTarget;
			buildConfigurationList = 1A96C5BA1F9D7E2800F40A54 /* Build configuration list for PBXNativeTarget "ToolsDemoList" */;
			buildPhases = (
				1A96C59F1F9D7E2800F40A54 /* Sources */,
				1A96C5A01F9D7E2800F40A54 /* Frameworks */,
				1A96C5A11F9D7E2800F40A54 /* Resources */,
			);
			buildRules = (
			);
			dependencies = (
			);
			name = ToolsDemoList;
			productName = ToolsDemoList;
			productReference = 1A96C5A31F9D7E2800F40A54 /* ToolsDemoList.app */;
			productType = "com.apple.product-type.application";
		};
/* End PBXNativeTarget section */

/* Begin PBXProject section */
		1A96C59B1F9D7E2800F40A54 /* Project object */ = {
			isa = PBXProject;
			attributes = {
				LastUpgradeCheck = 0830;
				ORGANIZATIONNAME = "易博";
				TargetAttributes = {
					1A96C5A21F9D7E2800F40A54 = {
						CreatedOnToolsVersion = 8.3.3;
						DevelopmentTeam = 4FZEH78SM7;
						ProvisioningStyle = Manual;
					};
				};
			};
			buildConfigurationList = 1A96C59E1F9D7E2800F40A54 /* Build configuration list for PBXProject "ToolsDemoList" */;
			compatibilityVersion = "Xcode 3.2";
			developmentRegion = English;
			hasScannedForEncodings = 0;
			knownRegions = (
				en,
				Base,
			);
			mainGroup = 1A96C59A1F9D7E2800F40A54;
			productRefGroup = 1A96C5A41F9D7E2800F40A54 /* Products */;
			projectDirPath = "";
			projectRoot = "";
			targets = (
				1A96C5A21F9D7E2800F40A54 /* ToolsDemoList */,
			);
		};
/* End PBXProject section */

/* Begin PBXResourcesBuildPhase section */
		1A96C5A11F9D7E2800F40A54 /* Resources */ = {
			isa = PBXResourcesBuildPhase;
			buildActionMask = 2147483647;
			files = (
				1A96C5B61F9D7E2800F40A54 /* LaunchScreen.storyboard in Resources */,
				1A96C5E71F9DC97800F40A54 /* r8.jpg in Resources */,
				1A96C5C71F9D809000F40A54 /* DateTimePickerView.xib in Resources */,
				1A96C5B31F9D7E2800F40A54 /* Assets.xcassets in Resources */,
				1A96C5BE1F9D7FFC00F40A54 /* DemoListName.plist in Resources */,
				1A96C5B11F9D7E2800F40A54 /* Main.storyboard in Resources */,
			);
			runOnlyForDeploymentPostprocessing = 0;
		};
/* End PBXResourcesBuildPhase section */

/* Begin PBXSourcesBuildPhase section */
		1A96C59F1F9D7E2800F40A54 /* Sources */ = {
			isa = PBXSourcesBuildPhase;
			buildActionMask = 2147483647;
			files = (
				1A96C5EA1F9DC97800F40A54 /* TapVC.m in Sources */,
				1A96C5CA1F9D811500F40A54 /* DateTimePickerVC.m in Sources */,
				1A96C5E91F9DC97800F40A54 /* SwipeVC.m in Sources */,
				1A96C5AE1F9D7E2800F40A54 /* ViewController.m in Sources */,
				1A96C5E51F9DC97800F40A54 /* PanVC.m in Sources */,
				1A96C5E61F9DC97800F40A54 /* PinchVC.m in Sources */,
				1A96C5AB1F9D7E2800F40A54 /* AppDelegate.m in Sources */,
				1A96C5C61F9D809000F40A54 /* DateTimePickerView.m in Sources */,
				1A96C5E41F9DC97800F40A54 /* LongPressVC.m in Sources */,
				1A96C5E31F9DC97800F40A54 /* GestureVC.m in Sources */,
				1A96C5E81F9DC97800F40A54 /* RotationVC.m in Sources */,
				1A96C5A81F9D7E2800F40A54 /* main.m in Sources */,
			);
			runOnlyForDeploymentPostprocessing = 0;
		};
/* End PBXSourcesBuildPhase section */

/* Begin PBXVariantGroup section */
		1A96C5AF1F9D7E2800F40A54 /* Main.storyboard */ = {
			isa = PBXVariantGroup;
			children = (
				1A96C5B01F9D7E2800F40A54 /* Base */,
			);
			name = Main.storyboard;
			sourceTree = "<group>";
		};
		1A96C5B41F9D7E2800F40A54 /* LaunchScreen.storyboard */ = {
			isa = PBXVariantGroup;
			children = (
				1A96C5B51F9D7E2800F40A54 /* Base */,
			);
			name = LaunchScreen.storyboard;
			sourceTree = "<group>";
		};
/* End PBXVariantGroup section */

/* Begin XCBuildConfiguration section */
		1A96C5B81F9D7E2800F40A54 /* Debug */ = {
			isa = XCBuildConfiguration;
			buildSettings = {
				ALWAYS_SEARCH_USER_PATHS = NO;
				CLANG_ANALYZER_NONNULL = YES;
				CLANG_ANALYZER_NUMBER_OBJECT_CONVERSION = YES_AGGRESSIVE;
				CLANG_CXX_LANGUAGE_STANDARD = "gnu++0x";
				CLANG_CXX_LIBRARY = "libc++";
				CLANG_ENABLE_MODULES = YES;
				CLANG_ENABLE_OBJC_ARC = YES;
				CLANG_WARN_BOOL_CONVERSION = YES;
				CLANG_WARN_CONSTANT_CONVERSION = YES;
				CLANG_WARN_DIRECT_OBJC_ISA_USAGE = YES_ERROR;
				CLANG_WARN_DOCUMENTATION_COMMENTS = YES;
				CLANG_WARN_EMPTY_BODY = YES;
				CLANG_WARN_ENUM_CONVERSION = YES;
				CLANG_WARN_INFINITE_RECURSION = YES;
				CLANG_WARN_INT_CONVERSION = YES;
				CLANG_WARN_OBJC_ROOT_CLASS = YES_ERROR;
				CLANG_WARN_SUSPICIOUS_MOVE = YES;
				CLANG_WARN_UNREACHABLE_CODE = YES;
				CLANG_WARN__DUPLICATE_METHOD_MATCH = YES;
				"CODE_SIGN_IDENTITY[sdk=iphoneos*]" = "iPhone Developer";
				COPY_PHASE_STRIP = NO;
				DEBUG_INFORMATION_FORMAT = dwarf;
				ENABLE_STRICT_OBJC_MSGSEND = YES;
				ENABLE_TESTABILITY = YES;
				GCC_C_LANGUAGE_STANDARD = gnu99;
				GCC_DYNAMIC_NO_PIC = NO;
				GCC_NO_COMMON_BLOCKS = YES;
				GCC_OPTIMIZATION_LEVEL = 0;
				GCC_PREPROCESSOR_DEFINITIONS = (
					"DEBUG=1",
					"$(inherited)",
				);
				GCC_WARN_64_TO_32_BIT_CONVERSION = YES;
				GCC_WARN_ABOUT_RETURN_TYPE = YES_ERROR;
				GCC_WARN_UNDECLARED_SELECTOR = YES;
				GCC_WARN_UNINITIALIZED_AUTOS = YES_AGGRESSIVE;
				GCC_WARN_UNUSED_FUNCTION = YES;
				GCC_WARN_UNUSED_VARIABLE = YES;
				IPHONEOS_DEPLOYMENT_TARGET = 10.3;
				MTL_ENABLE_DEBUG_INFO = YES;
				ONLY_ACTIVE_ARCH = YES;
				SDKROOT = iphoneos;
				TARGETED_DEVICE_FAMILY = "1,2";
			};
			name = Debug;
		};
		1A96C5B91F9D7E2800F40A54 /* Release */ = {
			isa = XCBuildConfiguration;
			buildSettings = {
				ALWAYS_SEARCH_USER_PATHS = NO;
				CLANG_ANALYZER_NONNULL = YES;
				CLANG_ANALYZER_NUMBER_OBJECT_CONVERSION = YES_AGGRESSIVE;
				CLANG_CXX_LANGUAGE_STANDARD = "gnu++0x";
				CLANG_CXX_LIBRARY = "libc++";
				CLANG_ENABLE_MODULES = YES;
				CLANG_ENABLE_OBJC_ARC = YES;
				CLANG_WARN_BOOL_CONVERSION = YES;
				CLANG_WARN_CONSTANT_CONVERSION = YES;
				CLANG_WARN_DIRECT_OBJC_ISA_USAGE = YES_ERROR;
				CLANG_WARN_DOCUMENTATION_COMMENTS = YES;
				CLANG_WARN_EMPTY_BODY = YES;
				CLANG_WARN_ENUM_CONVERSION = YES;
				CLANG_WARN_INFINITE_RECURSION = YES;
				CLANG_WARN_INT_CONVERSION = YES;
				CLANG_WARN_OBJC_ROOT_CLASS = YES_ERROR;
				CLANG_WARN_SUSPICIOUS_MOVE = YES;
				CLANG_WARN_UNREACHABLE_CODE = YES;
				CLANG_WARN__DUPLICATE_METHOD_MATCH = YES;
				"CODE_SIGN_IDENTITY[sdk=iphoneos*]" = "iPhone Developer";
				COPY_PHASE_STRIP = NO;
				DEBUG_INFORMATION_FORMAT = "dwarf-with-dsym";
				ENABLE_NS_ASSERTIONS = NO;
				ENABLE_STRICT_OBJC_MSGSEND = YES;
				GCC_C_LANGUAGE_STANDARD = gnu99;
				GCC_NO_COMMON_BLOCKS = YES;
				GCC_WARN_64_TO_32_BIT_CONVERSION = YES;
				GCC_WARN_ABOUT_RETURN_TYPE = YES_ERROR;
				GCC_WARN_UNDECLARED_SELECTOR = YES;
				GCC_WARN_UNINITIALIZED_AUTOS = YES_AGGRESSIVE;
				GCC_WARN_UNUSED_FUNCTION = YES;
				GCC_WARN_UNUSED_VARIABLE = YES;
				IPHONEOS_DEPLOYMENT_TARGET = 10.3;
				MTL_ENABLE_DEBUG_INFO = NO;
				SDKROOT = iphoneos;
				TARGETED_DEVICE_FAMILY = "1,2";
				VALIDATE_PRODUCT = YES;
			};
			name = Release;
		};
		1A96C5BB1F9D7E2800F40A54 /* Debug */ = {
			isa = XCBuildConfiguration;
			buildSettings = {
				ASSETCATALOG_COMPILER_APPICON_NAME = AppIcon;
				CODE_SIGN_IDENTITY = "iPhone Developer: Li Biao (G7VM55KCF3)";
				DEVELOPMENT_TEAM = 4FZEH78SM7;
				INFOPLIST_FILE = ToolsDemoList/Info.plist;
				LD_RUNPATH_SEARCH_PATHS = "$(inherited) @executable_path/Frameworks";
				PRODUCT_BUNDLE_IDENTIFIER = ios.test.ToolsDemoList;
				PRODUCT_NAME = "$(TARGET_NAME)";
				PROVISIONING_PROFILE = "dacce8a3-8d3c-4912-9042-f2b61c0fc0a8";
				PROVISIONING_PROFILE_SPECIFIER = mau_ios_test;
			};
			name = Debug;
		};
		1A96C5BC1F9D7E2800F40A54 /* Release */ = {
			isa = XCBuildConfiguration;
			buildSettings = {
				ASSETCATALOG_COMPILER_APPICON_NAME = AppIcon;
				CODE_SIGN_IDENTITY = "iPhone Developer: Li Biao (G7VM55KCF3)";
				DEVELOPMENT_TEAM = 4FZEH78SM7;
				INFOPLIST_FILE = ToolsDemoList/Info.plist;
				LD_RUNPATH_SEARCH_PATHS = "$(inherited) @executable_path/Frameworks";
				PRODUCT_BUNDLE_IDENTIFIER = ios.test.ToolsDemoList;
				PRODUCT_NAME = "$(TARGET_NAME)";
				PROVISIONING_PROFILE = "dacce8a3-8d3c-4912-9042-f2b61c0fc0a8";
				PROVISIONING_PROFILE_SPECIFIER = mau_ios_test;
			};
			name = Release;
		};
/* End XCBuildConfiguration section */

/* Begin XCConfigurationList section */
		1A96C59E1F9D7E2800F40A54 /* Build configuration list for PBXProject "ToolsDemoList" */ = {
			isa = XCConfigurationList;
			buildConfigurations = (
				1A96C5B81F9D7E2800F40A54 /* Debug */,
				1A96C5B91F9D7E2800F40A54 /* Release */,
			);
			defaultConfigurationIsVisible = 0;
			defaultConfigurationName = Release;
		};
		1A96C5BA1F9D7E2800F40A54 /* Build configuration list for PBXNativeTarget "ToolsDemoList" */ = {
			isa = XCConfigurationList;
			buildConfigurations = (
				1A96C5BB1F9D7E2800F40A54 /* Debug */,
				1A96C5BC1F9D7E2800F40A54 /* Release */,
			);
			defaultConfigurationIsVisible = 0;
			defaultConfigurationName = Release;
		};
/* End XCConfigurationList section */
	};
	rootObject = 1A96C59B1F9D7E2800F40A54 /* Project object */;
}
